
Microsoft Visual Studio Solution File, Format Version 12.00
# Visual Studio Version 16
VisualStudioVersion = 16.0.31112.23
MinimumVisualStudioVersion = 10.0.40219.1
Project("{FAE04EC0-301F-11D3-BF4B-00C04F79EFBC}") = "Calculatrice.Android", "Calculatrice\Calculatrice.Android\Calculatrice.Android.csproj", "{46AB3E2F-0649-4E20-8F01-FE69848B5F56}"
EndProject
Project("{FAE04EC0-301F-11D3-BF4B-00C04F79EFBC}") = "Calculatrice", "Calculatrice\Calculatrice\Calculatrice.csproj", "{DB4A9F6D-C541-4369-98CC-567C0D2C217C}"
EndProject
Global
	GlobalSection(SolutionConfigurationPlatforms) = preSolution
		Debug|Any CPU = Debug|Any CPU
		Release|Any CPU = Release|Any CPU
	EndGlobalSection
	GlobalSection(ProjectConfigurationPlatforms) = postSolution
		{46AB3E2F-0649-4E20-8F01-FE69848B5F56}.Debug|Any CPU.ActiveCfg = Debug|Any CPU
		{46AB3E2F-0649-4E20-8F01-FE69848B5F56}.Debug|Any CPU.Build.0 = Debug|Any CPU
		{46AB3E2F-0649-4E20-8F01-FE69848B5F56}.Debug|Any CPU.Deploy.0 = Debug|Any CPU
		{46AB3E2F-0649-4E20-8F01-FE69848B5F56}.Release|Any CPU.ActiveCfg = Release|Any CPU
		{46AB3E2F-0649-4E20-8F01-FE69848B5F56}.Release|Any CPU.Build.0 = Release|Any CPU
		{46AB3E2F-0649-4E20-8F01-FE69848B5F56}.Release|Any CPU.Deploy.0 = Release|Any CPU
		{DB4A9F6D-C541-4369-98CC-567C0D2C217C}.Debug|Any CPU.ActiveCfg = Debug|Any CPU
		{DB4A9F6D-C541-4369-98CC-567C0D2C217C}.Debug|Any CPU.Build.0 = Debug|Any CPU
		{DB4A9F6D-C541-4369-98CC-567C0D2C217C}.Debug|Any CPU.Deploy.0 = Debug|Any CPU
		{DB4A9F6D-C541-4369-98CC-567C0D2C217C}.Release|Any CPU.ActiveCfg = Release|Any CPU
		{DB4A9F6D-C541-4369-98CC-567C0D2C217C}.Release|Any CPU.Build.0 = Release|Any CPU
		{DB4A9F6D-C541-4369-98CC-567C0D2C217C}.Release|Any CPU.Deploy.0 = Release|Any CPU
	EndGlobalSection
	GlobalSection(SolutionProperties) = preSolution
		HideSolutionNode = FALSE
	EndGlobalSection
	GlobalSection(ExtensibilityGlobals) = postSolution
		SolutionGuid = {680CA6CF-2122-4034-8BB7-4F899EF02236}
	EndGlobalSection
EndGlobal
